
Microsoft Visual Studio Solution File, Format Version 12.00
# Visual Studio Version 16
VisualStudioVersion = 16.0.29424.173
MinimumVisualStudioVersion = 10.0.40219.1
Project("{FAE04EC0-301F-11D3-BF4B-00C04F79EFBC}") = "Eshop2", "Eshop2\Eshop2.csproj", "{7487E34A-D922-411C-B39A-7F3F5099FFB6}"
EndProject
Global
	GlobalSection(SolutionConfigurationPlatforms) = preSolution
		Debug|Any CPU = Debug|Any CPU
		Release|Any CPU = Release|Any CPU
	EndGlobalSection
	GlobalSection(ProjectConfigurationPlatforms) = postSolution
		{7487E34A-D922-411C-B39A-7F3F5099FFB6}.Debug|Any CPU.ActiveCfg = Debug|Any CPU
		{7487E34A-D922-411C-B39A-7F3F5099FFB6}.Debug|Any CPU.Build.0 = Debug|Any CPU
		{7487E34A-D922-411C-B39A-7F3F5099FFB6}.Release|Any CPU.ActiveCfg = Release|Any CPU
		{7487E34A-D922-411C-B39A-7F3F5099FFB6}.Release|Any CPU.Build.0 = Release|Any CPU
	EndGlobalSection
	GlobalSection(SolutionProperties) = preSolution
		HideSolutionNode = FALSE
	EndGlobalSection
	GlobalSection(ExtensibilityGlobals) = postSolution
		SolutionGuid = {4E30A559-7F14-4CA9-9599-0627C8FCE59F}
	EndGlobalSection
EndGlobal
